
Microsoft Visual Studio Solution File, Format Version 12.00
# Visual Studio Version 17
VisualStudioVersion = 17.10.35013.160
MinimumVisualStudioVersion = 10.0.40219.1
Project("{FAE04EC0-301F-11D3-BF4B-00C04F79EFBC}") = "RVEPP.Web.ManagementApp", "RVEPP.Web.ManagementApp.csproj", "{20AFE258-39C2-42BE-88DA-42596EF011A5}"
EndProject
Global
	GlobalSection(SolutionConfigurationPlatforms) = preSolution
		Debug|Any CPU = Debug|Any CPU
		Release|Any CPU = Release|Any CPU
	EndGlobalSection
	GlobalSection(ProjectConfigurationPlatforms) = postSolution
		{20AFE258-39C2-42BE-88DA-42596EF011A5}.Debug|Any CPU.ActiveCfg = Debug|Any CPU
		{20AFE258-39C2-42BE-88DA-42596EF011A5}.Debug|Any CPU.Build.0 = Debug|Any CPU
		{20AFE258-39C2-42BE-88DA-42596EF011A5}.Release|Any CPU.ActiveCfg = Release|Any CPU
		{20AFE258-39C2-42BE-88DA-42596EF011A5}.Release|Any CPU.Build.0 = Release|Any CPU
	EndGlobalSection
	GlobalSection(SolutionProperties) = preSolution
		HideSolutionNode = FALSE
	EndGlobalSection
	GlobalSection(ExtensibilityGlobals) = postSolution
		SolutionGuid = {8496C33B-DE11-4B77-BE97-B407BB084E68}
	EndGlobalSection
EndGlobal
